
Microsoft Visual Studio Solution File, Format Version 12.00
# Visual Studio 14
VisualStudioVersion = 14.0.25420.1
MinimumVisualStudioVersion = 10.0.40219.1
Project("{FAE04EC0-301F-11D3-BF4B-00C04F79EFBC}") = "ContactListConsoleApp", "ContactListConsoleApp\ContactListConsoleApp.csproj", "{D719B283-2F13-4E17-92C2-BCBFD9CA233F}"
EndProject
Project("{FAE04EC0-301F-11D3-BF4B-00C04F79EFBC}") = "ApiContactListWebJob", "ApiContactListWebJob\ApiContactListWebJob.csproj", "{225A6551-4BEB-4665-8C76-65ABEEEE9571}"
EndProject
Project("{FAE04EC0-301F-11D3-BF4B-00C04F79EFBC}") = "DotNetQuickStart", "DotNetQuickStart\DotNetQuickStart.csproj", "{49AE21E8-F089-40FD-8265-4745DA834BFB}"
EndProject
Project("{FAE04EC0-301F-11D3-BF4B-00C04F79EFBC}") = "WebJobjuanlu", "WebJobjuanlu\WebJobjuanlu.csproj", "{3A99F47F-EA66-4616-A55A-E49CCCEAC634}"
EndProject
Global
	GlobalSection(SolutionConfigurationPlatforms) = preSolution
		Debug|Any CPU = Debug|Any CPU
		Release|Any CPU = Release|Any CPU
	EndGlobalSection
	GlobalSection(ProjectConfigurationPlatforms) = postSolution
		{D719B283-2F13-4E17-92C2-BCBFD9CA233F}.Debug|Any CPU.ActiveCfg = Debug|Any CPU
		{D719B283-2F13-4E17-92C2-BCBFD9CA233F}.Debug|Any CPU.Build.0 = Debug|Any CPU
		{D719B283-2F13-4E17-92C2-BCBFD9CA233F}.Release|Any CPU.ActiveCfg = Release|Any CPU
		{D719B283-2F13-4E17-92C2-BCBFD9CA233F}.Release|Any CPU.Build.0 = Release|Any CPU
		{225A6551-4BEB-4665-8C76-65ABEEEE9571}.Debug|Any CPU.ActiveCfg = Debug|Any CPU
		{225A6551-4BEB-4665-8C76-65ABEEEE9571}.Debug|Any CPU.Build.0 = Debug|Any CPU
		{225A6551-4BEB-4665-8C76-65ABEEEE9571}.Release|Any CPU.ActiveCfg = Release|Any CPU
		{225A6551-4BEB-4665-8C76-65ABEEEE9571}.Release|Any CPU.Build.0 = Release|Any CPU
		{49AE21E8-F089-40FD-8265-4745DA834BFB}.Debug|Any CPU.ActiveCfg = Debug|Any CPU
		{49AE21E8-F089-40FD-8265-4745DA834BFB}.Debug|Any CPU.Build.0 = Debug|Any CPU
		{49AE21E8-F089-40FD-8265-4745DA834BFB}.Release|Any CPU.ActiveCfg = Release|Any CPU
		{49AE21E8-F089-40FD-8265-4745DA834BFB}.Release|Any CPU.Build.0 = Release|Any CPU
		{3A99F47F-EA66-4616-A55A-E49CCCEAC634}.Debug|Any CPU.ActiveCfg = Debug|Any CPU
		{3A99F47F-EA66-4616-A55A-E49CCCEAC634}.Debug|Any CPU.Build.0 = Debug|Any CPU
		{3A99F47F-EA66-4616-A55A-E49CCCEAC634}.Release|Any CPU.ActiveCfg = Release|Any CPU
		{3A99F47F-EA66-4616-A55A-E49CCCEAC634}.Release|Any CPU.Build.0 = Release|Any CPU
	EndGlobalSection
	GlobalSection(SolutionProperties) = preSolution
		HideSolutionNode = FALSE
	EndGlobalSection
EndGlobal
